[[package]]
name = "sha1"
version = "0.2.0"
source = "registry+https://github.com/rust-lang/crates.io-index"

[[package]]
name = "uuid"
version = "0.3.1"
source = "registry+https://github.com/rust-lang/crates.io-index"
dependencies = [
 "sha1 0.2.0 (registry+https://github.com/rust-lang/crates.io-index)",
]

[[package]]
name = "winapi"
version = "0.3.2"
source = "registry+https://github.com/rust-lang/crates.io-index"
dependencies = [
 "winapi-i686-pc-windows-gnu 0.3.1 (registry+https://github.com/rust-lang/crates.io-index)",
 "winapi-x86_64-pc-windows-gnu 0.3.1 (registry+https://github.com/rust-lang/crates.io-index)",
]

[[package]]
name = "winapi-i686-pc-windows-gnu"
version = "0.3.1"
source = "registry+https://github.com/rust-lang/crates.io-index"

[[package]]
name = "winapi-x86_64-pc-windows-gnu"
version = "0.3.1"
source = "registry+https://github.com/rust-lang/crates.io-index"

[[package]]
name = "xone-battery"
version = "0.1.0"
dependencies = [
 "uuid 0.3.1 (registry+https://github.com/rust-lang/crates.io-index)",
 "winapi 0.3.2 (registry+https://github.com/rust-lang/crates.io-index)",
]

[metadata]
"checksum sha1 0.2.0 (registry+https://github.com/rust-lang/crates.io-index)" = "cc30b1e1e8c40c121ca33b86c23308a090d19974ef001b4bf6e61fd1a0fb095c"
"checksum uuid 0.3.1 (registry+https://github.com/rust-lang/crates.io-index)" = "1a9ff57156caf7e22f37baf3c9d8f6ce8194842c23419dafcb0716024514d162"
"checksum winapi 0.3.2 (registry+https://github.com/rust-lang/crates.io-index)" = "890b38836c01d72fdb636d15c9cfc52ec7fd783b330abc93cd1686f4308dfccc"
"checksum winapi-i686-pc-windows-gnu 0.3.1 (registry+https://github.com/rust-lang/crates.io-index)" = "ca38ad0b1b8fcebdf9a7906e368ce3a760ffa638c4c4f0cb57f3c26ad34cc86e"
"checksum winapi-x86_64-pc-windows-gnu 0.3.1 (registry+https://github.com/rust-lang/crates.io-index)" = "a824ed89cff621305f4ae379551c65e1fca1eadb1d4a25e3a4e8989080a2d337"
